{
  "pins" : [
    {
      "identity" : "realtimekitcoreios",
      "kind" : "remoteSourceControl",
      "location" : "https://github.com/dyte-in/RealtimeKitCoreiOS.git",
      "state" : {
        "revision" : "2624f0be2906b3a4cfddedbef00e656cb9153a3f",
        "version" : "1.6.1"
      }
    }
  ],
  "version" : 2
}
